// !$*UTF8*$!
{
	archiveVersion = 1;
	classes = {
	};
	objectVersion = 55;
	objects = {

/* Begin PBXBuildFile section */
		0C1A83C9276BF68100BA014D /* Collections in Frameworks */ = {isa = PBXBuildFile; productRef = 0C1A83C8276BF68100BA014D /* Collections */; };
		0C1A83CB276BF68100BA014D /* DequeModule in Frameworks */ = {isa = PBXBuildFile; productRef = 0C1A83CA276BF68100BA014D /* DequeModule */; };
		0C1A83CD276BF68100BA014D /* OrderedCollections in Frameworks */ = {isa = PBXBuildFile; productRef = 0C1A83CC276BF68100BA014D /* OrderedCollections */; };
		0C1A83CF276BF68100BA014D /* PriorityQueueModule in Frameworks */ = {isa = PBXBuildFile; productRef = 0C1A83CE276BF68100BA014D /* PriorityQueueModule */; };
		0C39A19F2757C14B00966D74 /* AdventOfCodeApp.swift in Sources */ = {isa = PBXBuildFile; fileRef = 0C39A19E2757C14B00966D74 /* AdventOfCodeApp.swift */; };
		0C39A1A12757C14B00966D74 /* ContentView.swift in Sources */ = {isa = PBXBuildFile; fileRef = 0C39A1A02757C14B00966D74 /* ContentView.swift */; };
		0C39A1A32757C14C00966D74 /* Assets.xcassets in Resources */ = {isa = PBXBuildFile; fileRef = 0C39A1A22757C14C00966D74 /* Assets.xcassets */; };
		0C39A1A62757C14C00966D74 /* Preview Assets.xcassets in Resources */ = {isa = PBXBuildFile; fileRef = 0C39A1A52757C14C00966D74 /* Preview Assets.xcassets */; };
		0C39A1AF2757C17900966D74 /* Algorithms in Frameworks */ = {isa = PBXBuildFile; productRef = 0C39A1AE2757C17900966D74 /* Algorithms */; };
/* End PBXBuildFile section */

/* Begin PBXFileReference section */
		0C39A19B2757C14B00966D74 /* AdventOfCode.app */ = {isa = PBXFileReference; explicitFileType = wrapper.application; includeInIndex = 0; path = AdventOfCode.app; sourceTree = BUILT_PRODUCTS_DIR; };
		0C39A19E2757C14B00966D74 /* AdventOfCodeApp.swift */ = {isa = PBXFileReference; lastKnownFileType = sourcecode.swift; path = AdventOfCodeApp.swift; sourceTree = "<group>"; };
		0C39A1A02757C14B00966D74 /* ContentView.swift */ = {isa = PBXFileReference; lastKnownFileType = sourcecode.swift; path = ContentView.swift; sourceTree = "<group>"; };
		0C39A1A22757C14C00966D74 /* Assets.xcassets */ = {isa = PBXFileReference; lastKnownFileType = folder.assetcatalog; path = Assets.xcassets; sourceTree = "<group>"; };
		0C39A1A52757C14C00966D74 /* Preview Assets.xcassets */ = {isa = PBXFileReference; lastKnownFileType = folder.assetcatalog; path = "Preview Assets.xcassets"; sourceTree = "<group>"; };
		0C39A1AC2757C15C00966D74 /* 2021.playground */ = {isa = PBXFileReference; lastKnownFileType = file.playground; path = 2021.playground; sourceTree = "<group>"; };
/* End PBXFileReference section */

/* Begin PBXFrameworksBuildPhase section */
		0C39A1982757C14B00966D74 /* Frameworks */ = {
			isa = PBXFrameworksBuildPhase;
			buildActionMask = 2147483647;
			files = (
				0C1A83CF276BF68100BA014D /* PriorityQueueModule in Frameworks */,
				0C1A83C9276BF68100BA014D /* Collections in Frameworks */,
				0C39A1AF2757C17900966D74 /* Algorithms in Frameworks */,
				0C1A83CD276BF68100BA014D /* OrderedCollections in Frameworks */,
				0C1A83CB276BF68100BA014D /* DequeModule in Frameworks */,
			);
			runOnlyForDeploymentPostprocessing = 0;
		};
/* End PBXFrameworksBuildPhase section */

/* Begin PBXGroup section */
		0C39A1922757C14B00966D74 = {
			isa = PBXGroup;
			children = (
				0C39A1AC2757C15C00966D74 /* 2021.playground */,
				0C39A19D2757C14B00966D74 /* AdventOfCode */,
				0C39A19C2757C14B00966D74 /* Products */,
			);
			sourceTree = "<group>";
		};
		0C39A19C2757C14B00966D74 /* Products */ = {
			isa = PBXGroup;
			children = (
				0C39A19B2757C14B00966D74 /* AdventOfCode.app */,
			);
			name = Products;
			sourceTree = "<group>";
		};
		0C39A19D2757C14B00966D74 /* AdventOfCode */ = {
			isa = PBXGroup;
			children = (
				0C39A19E2757C14B00966D74 /* AdventOfCodeApp.swift */,
				0C39A1A02757C14B00966D74 /* ContentView.swift */,
				0C39A1A22757C14C00966D74 /* Assets.xcassets */,
				0C39A1A42757C14C00966D74 /* Preview Content */,
			);
			path = AdventOfCode;
			sourceTree = "<group>";
		};
		0C39A1A42757C14C00966D74 /* Preview Content */ = {
			isa = PBXGroup;
			children = (
				0C39A1A52757C14C00966D74 /* Preview Assets.xcassets */,
			);
			path = "Preview Content";
			sourceTree = "<group>";
		};
/* End PBXGroup section */

/* Begin PBXNativeTarget section */
		0C39A19A2757C14B00966D74 /* AdventOfCode */ = {
			isa = PBXNativeTarget;
			buildConfigurationList = 0C39A1A92757C14C00966D74 /* Build configuration list for PBXNativeTarget "AdventOfCode" */;
			buildPhases = (
				0C39A1972757C14B00966D74 /* Sources */,
				0C39A1982757C14B00966D74 /* Frameworks */,
				0C39A1992757C14B00966D74 /* Resources */,
			);
			buildRules = (
			);
			dependencies = (
			);
			name = AdventOfCode;
			packageProductDependencies = (
				0C39A1AE2757C17900966D74 /* Algorithms */,
				0C1A83C8276BF68100BA014D /* Collections */,
				0C1A83CA276BF68100BA014D /* DequeModule */,
				0C1A83CC276BF68100BA014D /* OrderedCollections */,
				0C1A83CE276BF68100BA014D /* PriorityQueueModule */,
			);
			productName = AdventOfCode;
			productReference = 0C39A19B2757C14B00966D74 /* AdventOfCode.app */;
			productType = "com.apple.product-type.application";
		};
/* End PBXNativeTarget section */

/* Begin PBXProject section */
		0C39A1932757C14B00966D74 /* Project object */ = {
			isa = PBXProject;
			attributes = {
				BuildIndependentTargetsInParallel = 1;
				LastSwiftUpdateCheck = 1320;
				LastUpgradeCheck = 1320;
				TargetAttributes = {
					0C39A19A2757C14B00966D74 = {
						CreatedOnToolsVersion = 13.2;
					};
				};
			};
			buildConfigurationList = 0C39A1962757C14B00966D74 /* Build configuration list for PBXProject "AdventOfCode" */;
			compatibilityVersion = "Xcode 13.0";
			developmentRegion = en;
			hasScannedForEncodings = 0;
			knownRegions = (
				en,
				Base,
			);
			mainGroup = 0C39A1922757C14B00966D74;
			packageReferences = (
				0C39A1AD2757C17900966D74 /* XCRemoteSwiftPackageReference "swift-algorithms" */,
				0C1A83C7276BF68100BA014D /* XCRemoteSwiftPackageReference "swift-collections" */,
			);
			productRefGroup = 0C39A19C2757C14B00966D74 /* Products */;
			projectDirPath = "";
			projectRoot = "";
			targets = (
				0C39A19A2757C14B00966D74 /* AdventOfCode */,
			);
		};
/* End PBXProject section */

/* Begin PBXResourcesBuildPhase section */
		0C39A1992757C14B00966D74 /* Resources */ = {
			isa = PBXResourcesBuildPhase;
			buildActionMask = 2147483647;
			files = (
				0C39A1A62757C14C00966D74 /* Preview Assets.xcassets in Resources */,
				0C39A1A32757C14C00966D74 /* Assets.xcassets in Resources */,
			);
			runOnlyForDeploymentPostprocessing = 0;
		};
/* End PBXResourcesBuildPhase section */

/* Begin PBXSourcesBuildPhase section */
		0C39A1972757C14B00966D74 /* Sources */ = {
			isa = PBXSourcesBuildPhase;
			buildActionMask = 2147483647;
			files = (
				0C39A1A12757C14B00966D74 /* ContentView.swift in Sources */,
				0C39A19F2757C14B00966D74 /* AdventOfCodeApp.swift in Sources */,
			);
			runOnlyForDeploymentPostprocessing = 0;
		};
/* End PBXSourcesBuildPhase section */

/* Begin XCBuildConfiguration section */
		0C39A1A72757C14C00966D74 /* Debug */ = {
			isa = XCBuildConfiguration;
			buildSettings = {
				ALWAYS_SEARCH_USER_PATHS = NO;
				CLANG_ANALYZER_NONNULL = YES;
				CLANG_ANALYZER_NUMBER_OBJECT_CONVERSION = YES_AGGRESSIVE;
				CLANG_CXX_LANGUAGE_STANDARD = "gnu++17";
				CLANG_CXX_LIBRARY = "libc++";
				CLANG_ENABLE_MODULES = YES;
				CLANG_ENABLE_OBJC_ARC = YES;
				CLANG_ENABLE_OBJC_WEAK = YES;
				CLANG_WARN_BLOCK_CAPTURE_AUTORELEASING = YES;
				CLANG_WARN_BOOL_CONVERSION = YES;
				CLANG_WARN_COMMA = YES;
				CLANG_WARN_CONSTANT_CONVERSION = YES;
				CLANG_WARN_DEPRECATED_OBJC_IMPLEMENTATIONS = YES;
				CLANG_WARN_DIRECT_OBJC_ISA_USAGE = YES_ERROR;
				CLANG_WARN_DOCUMENTATION_COMMENTS = YES;
				CLANG_WARN_EMPTY_BODY = YES;
				CLANG_WARN_ENUM_CONVERSION = YES;
				CLANG_WARN_INFINITE_RECURSION = YES;
				CLANG_WARN_INT_CONVERSION = YES;
				CLANG_WARN_NON_LITERAL_NULL_CONVERSION = YES;
				CLANG_WARN_OBJC_IMPLICIT_RETAIN_SELF = YES;
				CLANG_WARN_OBJC_LITERAL_CONVERSION = YES;
				CLANG_WARN_OBJC_ROOT_CLASS = YES_ERROR;
				CLANG_WARN_QUOTED_INCLUDE_IN_FRAMEWORK_HEADER = YES;
				CLANG_WARN_RANGE_LOOP_ANALYSIS = YES;
				CLANG_WARN_STRICT_PROTOTYPES = YES;
				CLANG_WARN_SUSPICIOUS_MOVE = YES;
				CLANG_WARN_UNGUARDED_AVAILABILITY = YES_AGGRESSIVE;
				CLANG_WARN_UNREACHABLE_CODE = YES;
				CLANG_WARN__DUPLICATE_METHOD_MATCH = YES;
				COPY_PHASE_STRIP = NO;
				DEBUG_INFORMATION_FORMAT = dwarf;
				ENABLE_STRICT_OBJC_MSGSEND = YES;
				ENABLE_TESTABILITY = YES;
				GCC_C_LANGUAGE_STANDARD = gnu11;
				GCC_DYNAMIC_NO_PIC = NO;
				GCC_NO_COMMON_BLOCKS = YES;
				GCC_OPTIMIZATION_LEVEL = 0;
				GCC_PREPROCESSOR_DEFINITIONS = (
					"DEBUG=1",
					"$(inherited)",
				);
				GCC_WARN_64_TO_32_BIT_CONVERSION = YES;
				GCC_WARN_ABOUT_RETURN_TYPE = YES_ERROR;
				GCC_WARN_UNDECLARED_SELECTOR = YES;
				GCC_WARN_UNINITIALIZED_AUTOS = YES_AGGRESSIVE;
				GCC_WARN_UNUSED_FUNCTION = YES;
				GCC_WARN_UNUSED_VARIABLE = YES;
				IPHONEOS_DEPLOYMENT_TARGET = 15.2;
				MTL_ENABLE_DEBUG_INFO = INCLUDE_SOURCE;
				MTL_FAST_MATH = YES;
				ONLY_ACTIVE_ARCH = YES;
				SDKROOT = iphoneos;
				SWIFT_ACTIVE_COMPILATION_CONDITIONS = DEBUG;
				SWIFT_OPTIMIZATION_LEVEL = "-Onone";
			};
			name = Debug;
		};
		0C39A1A82757C14C00966D74 /* Release */ = {
			isa = XCBuildConfiguration;
			buildSettings = {
				ALWAYS_SEARCH_USER_PATHS = NO;
				CLANG_ANALYZER_NONNULL = YES;
				CLANG_ANALYZER_NUMBER_OBJECT_CONVERSION = YES_AGGRESSIVE;
				CLANG_CXX_LANGUAGE_STANDARD = "gnu++17";
				CLANG_CXX_LIBRARY = "libc++";
				CLANG_ENABLE_MODULES = YES;
				CLANG_ENABLE_OBJC_ARC = YES;
				CLANG_ENABLE_OBJC_WEAK = YES;
				CLANG_WARN_BLOCK_CAPTURE_AUTORELEASING = YES;
				CLANG_WARN_BOOL_CONVERSION = YES;
				CLANG_WARN_COMMA = YES;
				CLANG_WARN_CONSTANT_CONVERSION = YES;
				CLANG_WARN_DEPRECATED_OBJC_IMPLEMENTATIONS = YES;
				CLANG_WARN_DIRECT_OBJC_ISA_USAGE = YES_ERROR;
				CLANG_WARN_DOCUMENTATION_COMMENTS = YES;
				CLANG_WARN_EMPTY_BODY = YES;
				CLANG_WARN_ENUM_CONVERSION = YES;
				CLANG_WARN_INFINITE_RECURSION = YES;
				CLANG_WARN_INT_CONVERSION = YES;
				CLANG_WARN_NON_LITERAL_NULL_CONVERSION = YES;
				CLANG_WARN_OBJC_IMPLICIT_RETAIN_SELF = YES;
				CLANG_WARN_OBJC_LITERAL_CONVERSION = YES;
				CLANG_WARN_OBJC_ROOT_CLASS = YES_ERROR;
				CLANG_WARN_QUOTED_INCLUDE_IN_FRAMEWORK_HEADER = YES;
				CLANG_WARN_RANGE_LOOP_ANALYSIS = YES;
				CLANG_WARN_STRICT_PROTOTYPES = YES;
				CLANG_WARN_SUSPICIOUS_MOVE = YES;
				CLANG_WARN_UNGUARDED_AVAILABILITY = YES_AGGRESSIVE;
				CLANG_WARN_UNREACHABLE_CODE = YES;
				CLANG_WARN__DUPLICATE_METHOD_MATCH = YES;
				COPY_PHASE_STRIP = NO;
				DEBUG_INFORMATION_FORMAT = "dwarf-with-dsym";
				ENABLE_NS_ASSERTIONS = NO;
				ENABLE_STRICT_OBJC_MSGSEND = YES;
				GCC_C_LANGUAGE_STANDARD = gnu11;
				GCC_NO_COMMON_BLOCKS = YES;
				GCC_WARN_64_TO_32_BIT_CONVERSION = YES;
				GCC_WARN_ABOUT_RETURN_TYPE = YES_ERROR;
				GCC_WARN_UNDECLARED_SELECTOR = YES;
				GCC_WARN_UNINITIALIZED_AUTOS = YES_AGGRESSIVE;
				GCC_WARN_UNUSED_FUNCTION = YES;
				GCC_WARN_UNUSED_VARIABLE = YES;
				IPHONEOS_DEPLOYMENT_TARGET = 15.2;
				MTL_ENABLE_DEBUG_INFO = NO;
				MTL_FAST_MATH = YES;
				SDKROOT = iphoneos;
				SWIFT_COMPILATION_MODE = wholemodule;
				SWIFT_OPTIMIZATION_LEVEL = "-O";
				VALIDATE_PRODUCT = YES;
			};
			name = Release;
		};
		0C39A1AA2757C14C00966D74 /* Debug */ = {
			isa = XCBuildConfiguration;
			buildSettings = {
				ASSETCATALOG_COMPILER_APPICON_NAME = AppIcon;
				ASSETCATALOG_COMPILER_GLOBAL_ACCENT_COLOR_NAME = AccentColor;
				CODE_SIGN_STYLE = Automatic;
				CURRENT_PROJECT_VERSION = 1;
				DEVELOPMENT_ASSET_PATHS = "\"AdventOfCode/Preview Content\"";
				DEVELOPMENT_TEAM = 4J6CHE647F;
				ENABLE_PREVIEWS = YES;
				GENERATE_INFOPLIST_FILE = YES;
				INFOPLIST_KEY_UIApplicationSceneManifest_Generation = YES;
				INFOPLIST_KEY_UIApplicationSupportsIndirectInputEvents = YES;
				INFOPLIST_KEY_UILaunchScreen_Generation = YES;
				INFOPLIST_KEY_UISupportedInterfaceOrientations_iPad = "UIInterfaceOrientationPortrait UIInterfaceOrientationPortraitUpsideDown UIInterfaceOrientationLandscapeLeft UIInterfaceOrientationLandscapeRight";
				INFOPLIST_KEY_UISupportedInterfaceOrientations_iPhone = "UIInterfaceOrientationPortrait UIInterfaceOrientationLandscapeLeft UIInterfaceOrientationLandscapeRight";
				LD_RUNPATH_SEARCH_PATHS = (
					"$(inherited)",
					"@executable_path/Frameworks",
				);
				MARKETING_VERSION = 1.0;
				PRODUCT_BUNDLE_IDENTIFIER = com.ciesielka.AdventOfCode;
				PRODUCT_NAME = "$(TARGET_NAME)";
				SWIFT_EMIT_LOC_STRINGS = YES;
				SWIFT_VERSION = 5.0;
				TARGETED_DEVICE_FAMILY = "1,2";
			};
			name = Debug;
		};
		0C39A1AB2757C14C00966D74 /* Release */ = {
			isa = XCBuildConfiguration;
			buildSettings = {
				ASSETCATALOG_COMPILER_APPICON_NAME = AppIcon;
				ASSETCATALOG_COMPILER_GLOBAL_ACCENT_COLOR_NAME = AccentColor;
				CODE_SIGN_STYLE = Automatic;
				CURRENT_PROJECT_VERSION = 1;
				DEVELOPMENT_ASSET_PATHS = "\"AdventOfCode/Preview Content\"";
				DEVELOPMENT_TEAM = 4J6CHE647F;
				ENABLE_PREVIEWS = YES;
				GENERATE_INFOPLIST_FILE = YES;
				INFOPLIST_KEY_UIApplicationSceneManifest_Generation = YES;
				INFOPLIST_KEY_UIApplicationSupportsIndirectInputEvents = YES;
				INFOPLIST_KEY_UILaunchScreen_Generation = YES;
				INFOPLIST_KEY_UISupportedInterfaceOrientations_iPad = "UIInterfaceOrientationPortrait UIInterfaceOrientationPortraitUpsideDown UIInterfaceOrientationLandscapeLeft UIInterfaceOrientationLandscapeRight";
				INFOPLIST_KEY_UISupportedInterfaceOrientations_iPhone = "UIInterfaceOrientationPortrait UIInterfaceOrientationLandscapeLeft UIInterfaceOrientationLandscapeRight";
				LD_RUNPATH_SEARCH_PATHS = (
					"$(inherited)",
					"@executable_path/Frameworks",
				);
				MARKETING_VERSION = 1.0;
				PRODUCT_BUNDLE_IDENTIFIER = com.ciesielka.AdventOfCode;
				PRODUCT_NAME = "$(TARGET_NAME)";
				SWIFT_EMIT_LOC_STRINGS = YES;
				SWIFT_VERSION = 5.0;
				TARGETED_DEVICE_FAMILY = "1,2";
			};
			name = Release;
		};
/* End XCBuildConfiguration section */

/* Begin XCConfigurationList section */
		0C39A1962757C14B00966D74 /* Build configuration list for PBXProject "AdventOfCode" */ = {
			isa = XCConfigurationList;
			buildConfigurations = (
				0C39A1A72757C14C00966D74 /* Debug */,
				0C39A1A82757C14C00966D74 /* Release */,
			);
			defaultConfigurationIsVisible = 0;
			defaultConfigurationName = Release;
		};
		0C39A1A92757C14C00966D74 /* Build configuration list for PBXNativeTarget "AdventOfCode" */ = {
			isa = XCConfigurationList;
			buildConfigurations = (
				0C39A1AA2757C14C00966D74 /* Debug */,
				0C39A1AB2757C14C00966D74 /* Release */,
			);
			defaultConfigurationIsVisible = 0;
			defaultConfigurationName = Release;
		};
/* End XCConfigurationList section */

/* Begin XCRemoteSwiftPackageReference section */
		0C1A83C7276BF68100BA014D /* XCRemoteSwiftPackageReference "swift-collections" */ = {
			isa = XCRemoteSwiftPackageReference;
			repositoryURL = "https://github.com/apple/swift-collections.git";
			requirement = {
				kind = revision;
				revision = 22dc81b89fc1dee9d52c6a3fcfa1fcd08f184ae8;
			};
		};
		0C39A1AD2757C17900966D74 /* XCRemoteSwiftPackageReference "swift-algorithms" */ = {
			isa = XCRemoteSwiftPackageReference;
			repositoryURL = "https://github.com/apple/swift-algorithms.git";
			requirement = {
				kind = upToNextMajorVersion;
				minimumVersion = 0.2.1;
			};
		};
/* End XCRemoteSwiftPackageReference section */

/* Begin XCSwiftPackageProductDependency section */
		0C1A83C8276BF68100BA014D /* Collections */ = {
			isa = XCSwiftPackageProductDependency;
			package = 0C1A83C7276BF68100BA014D /* XCRemoteSwiftPackageReference "swift-collections" */;
			productName = Collections;
		};
		0C1A83CA276BF68100BA014D /* DequeModule */ = {
			isa = XCSwiftPackageProductDependency;
			package = 0C1A83C7276BF68100BA014D /* XCRemoteSwiftPackageReference "swift-collections" */;
			productName = DequeModule;
		};
		0C1A83CC276BF68100BA014D /* OrderedCollections */ = {
			isa = XCSwiftPackageProductDependency;
			package = 0C1A83C7276BF68100BA014D /* XCRemoteSwiftPackageReference "swift-collections" */;
			productName = OrderedCollections;
		};
		0C1A83CE276BF68100BA014D /* PriorityQueueModule */ = {
			isa = XCSwiftPackageProductDependency;
			package = 0C1A83C7276BF68100BA014D /* XCRemoteSwiftPackageReference "swift-collections" */;
			productName = PriorityQueueModule;
		};
		0C39A1AE2757C17900966D74 /* Algorithms */ = {
			isa = XCSwiftPackageProductDependency;
			package = 0C39A1AD2757C17900966D74 /* XCRemoteSwiftPackageReference "swift-algorithms" */;
			productName = Algorithms;
		};
/* End XCSwiftPackageProductDependency section */
	};
	rootObject = 0C39A1932757C14B00966D74 /* Project object */;
}
